{
  "name": "@arcaelas/xhrequest",
  "version": "1.8.0",
  "lockfileVersion": 1,
  "requires": true,
  "dependencies": {
    "@arcaelas/utils": {
      "version": "1.10.0",
      "resolved": "https://registry.npmjs.org/@arcaelas/utils/-/utils-1.10.0.tgz",
      "integrity": "sha512-kTtvVR3Udpx25ezinDeIy5g3Qf57Gv0w3yMWY7TmNNvJ+Cxo+Y3CON9/UHfEXYH1aSUct4Zai6p5yVAynOFvLw=="
    },
    "@types/node": {
      "version": "16.11.21",
      "resolved": "https://registry.npmjs.org/@types/node/-/node-16.11.21.tgz",
      "integrity": "sha512-Pf8M1XD9i1ksZEcCP8vuSNwooJ/bZapNmIzpmsMaL+jMI+8mEYU3PKvs+xDNuQcJWF/x24WzY4qxLtB0zNow9A==",
      "dev": true
    }
  }
}
