{
  "name": "@arcaelas/eloquent",
  "version": "1.2.0",
  "lockfileVersion": 1,
  "requires": true,
  "dependencies": {
    "@arcaelas/utils": {
      "version": "1.0.0",
      "resolved": "https://registry.npmjs.org/@arcaelas/utils/-/utils-1.0.0.tgz",
      "integrity": "sha512-HL/A9lOYtJeSLh2IOkTOe+61hYFRH3mWM8dzPcO30q6iy1M56pOrB659B4O6IOmFksEpClWkt05QPB1QZSVatw=="
    },
    "lodash": {
      "version": "4.17.21",
      "resolved": "https://registry.npmjs.org/lodash/-/lodash-4.17.21.tgz",
      "integrity": "sha512-v2kDEe57lecTulaDIuNTPy3Ry4gLGJ6Z1O3vE1krgXZNrsQ+LFTGHVxVjcXPs17LhbZVGedAJv8XZ1tvj5FvSg=="
    }
  }
}
